
Microsoft Visual Studio Solution File, Format Version 12.00
# Visual Studio Version 17
VisualStudioVersion = 17.0.32112.339
MinimumVisualStudioVersion = 10.0.40219.1
Project("{FAE04EC0-301F-11D3-BF4B-00C04F79EFBC}") = "Software Trelisa", "Software Trelisa.csproj", "{E19F7E99-E737-4EC9-8E84-510C403DB90E}"
EndProject
Global
	GlobalSection(SolutionConfigurationPlatforms) = preSolution
		Debug|Any CPU = Debug|Any CPU
		Release|Any CPU = Release|Any CPU
	EndGlobalSection
	GlobalSection(ProjectConfigurationPlatforms) = postSolution
		{E19F7E99-E737-4EC9-8E84-510C403DB90E}.Debug|Any CPU.ActiveCfg = Debug|Any CPU
		{E19F7E99-E737-4EC9-8E84-510C403DB90E}.Debug|Any CPU.Build.0 = Debug|Any CPU
		{E19F7E99-E737-4EC9-8E84-510C403DB90E}.Release|Any CPU.ActiveCfg = Release|Any CPU
		{E19F7E99-E737-4EC9-8E84-510C403DB90E}.Release|Any CPU.Build.0 = Release|Any CPU
	EndGlobalSection
	GlobalSection(SolutionProperties) = preSolution
		HideSolutionNode = FALSE
	EndGlobalSection
	GlobalSection(ExtensibilityGlobals) = postSolution
		SolutionGuid = {C12F77F5-AEF1-4BFA-98BA-450FAA0D5B58}
	EndGlobalSection
EndGlobal
